
Microsoft Visual Studio Solution File, Format Version 12.00
# Visual Studio Version 16
VisualStudioVersion = 16.0.30011.22
MinimumVisualStudioVersion = 10.0.40219.1
Project("{FAE04EC0-301F-11D3-BF4B-00C04F79EFBC}") = "VFU_Stegabography_Desktop", "VFU_Stegabography_Desktop.csproj", "{759E9CC3-24FE-4036-A86E-7D54BF750A59}"
EndProject
Global
	GlobalSection(SolutionConfigurationPlatforms) = preSolution
		Debug|Any CPU = Debug|Any CPU
		Release|Any CPU = Release|Any CPU
	EndGlobalSection
	GlobalSection(ProjectConfigurationPlatforms) = postSolution
		{759E9CC3-24FE-4036-A86E-7D54BF750A59}.Debug|Any CPU.ActiveCfg = Debug|Any CPU
		{759E9CC3-24FE-4036-A86E-7D54BF750A59}.Debug|Any CPU.Build.0 = Debug|Any CPU
		{759E9CC3-24FE-4036-A86E-7D54BF750A59}.Release|Any CPU.ActiveCfg = Release|Any CPU
		{759E9CC3-24FE-4036-A86E-7D54BF750A59}.Release|Any CPU.Build.0 = Release|Any CPU
	EndGlobalSection
	GlobalSection(SolutionProperties) = preSolution
		HideSolutionNode = FALSE
	EndGlobalSection
	GlobalSection(ExtensibilityGlobals) = postSolution
		SolutionGuid = {B6509969-9CF3-438E-BB54-3865473BC778}
	EndGlobalSection
EndGlobal
